{
    "_meta": {
        "hash": {
            "sha256": "a6cdae5375b0426d288cb28e6293b3dc2ec7ed2fae6ca3cad3991be11e6ce3c8"
        },
        "pipfile-spec": 6,
        "requires": {
            "python_version": "3.7"
        },
        "sources": [
            {
                "name": "pypi",
                "url": "https://pypi.org/simple",
                "verify_ssl": true
            }
        ]
    },
    "default": {
        "bottle": {
            "hashes": [
                "sha256:39b751aee0b167be8dffb63ca81b735bbf1dd0905b3bc42761efedee8f123355"
            ],
            "index": "pypi",
            "version": "==0.12.13"
        }
    },
    "develop": {}
}
